
Microsoft Visual Studio Solution File, Format Version 12.00
# Visual Studio Version 17
VisualStudioVersion = 17.9.34728.123
MinimumVisualStudioVersion = 10.0.40219.1
Project("{9A19103F-16F7-4668-BE54-9A1E7A4F7556}") = "Python", "Python\Python.csproj", "{D79D13F8-6AB1-400E-BB6B-96D4E03D35C5}"
EndProject
Project("{FAE04EC0-301F-11D3-BF4B-00C04F79EFBC}") = "UnitTests", "UnitTests\UnitTests.csproj", "{0FBE0859-D8BB-4279-9C20-D54D569F084E}"
EndProject
Project("{888888A0-9F3D-457C-B088-3A5042F75D52}") = "PythonTests", "PythonTests\PythonTests.pyproj", "{7C8302F5-3F7A-454E-B8D1-3F363B703799}"
EndProject
Global
	GlobalSection(SolutionConfigurationPlatforms) = preSolution
		Debug|Any CPU = Debug|Any CPU
		Release|Any CPU = Release|Any CPU
	EndGlobalSection
	GlobalSection(ProjectConfigurationPlatforms) = postSolution
		{D79D13F8-6AB1-400E-BB6B-96D4E03D35C5}.Debug|Any CPU.ActiveCfg = Debug|Any CPU
		{D79D13F8-6AB1-400E-BB6B-96D4E03D35C5}.Debug|Any CPU.Build.0 = Debug|Any CPU
		{D79D13F8-6AB1-400E-BB6B-96D4E03D35C5}.Release|Any CPU.ActiveCfg = Release|Any CPU
		{D79D13F8-6AB1-400E-BB6B-96D4E03D35C5}.Release|Any CPU.Build.0 = Release|Any CPU
		{0FBE0859-D8BB-4279-9C20-D54D569F084E}.Debug|Any CPU.ActiveCfg = Debug|Any CPU
		{0FBE0859-D8BB-4279-9C20-D54D569F084E}.Debug|Any CPU.Build.0 = Debug|Any CPU
		{0FBE0859-D8BB-4279-9C20-D54D569F084E}.Release|Any CPU.ActiveCfg = Release|Any CPU
		{0FBE0859-D8BB-4279-9C20-D54D569F084E}.Release|Any CPU.Build.0 = Release|Any CPU
		{7C8302F5-3F7A-454E-B8D1-3F363B703799}.Debug|Any CPU.ActiveCfg = Debug|Any CPU
		{7C8302F5-3F7A-454E-B8D1-3F363B703799}.Release|Any CPU.ActiveCfg = Release|Any CPU
	EndGlobalSection
	GlobalSection(SolutionProperties) = preSolution
		HideSolutionNode = FALSE
	EndGlobalSection
	GlobalSection(ExtensibilityGlobals) = postSolution
		SolutionGuid = {CC185059-8D46-4496-A7D7-A8CEB44EAE89}
	EndGlobalSection
EndGlobal
